
Microsoft Visual Studio Solution File, Format Version 12.00
# Visual Studio Version 16
VisualStudioVersion = 16.0.30104.148
MinimumVisualStudioVersion = 10.0.40219.1
Project("{FAE04EC0-301F-11D3-BF4B-00C04F79EFBC}") = "SubmitBE", "SubmitBE\SubmitBE.csproj", "{F270507D-85EA-43FB-9E6C-02E13EACA6AE}"
EndProject
Global
	GlobalSection(SolutionConfigurationPlatforms) = preSolution
		Debug|Any CPU = Debug|Any CPU
		Release|Any CPU = Release|Any CPU
	EndGlobalSection
	GlobalSection(ProjectConfigurationPlatforms) = postSolution
		{F270507D-85EA-43FB-9E6C-02E13EACA6AE}.Debug|Any CPU.ActiveCfg = Debug|Any CPU
		{F270507D-85EA-43FB-9E6C-02E13EACA6AE}.Debug|Any CPU.Build.0 = Debug|Any CPU
		{F270507D-85EA-43FB-9E6C-02E13EACA6AE}.Release|Any CPU.ActiveCfg = Release|Any CPU
		{F270507D-85EA-43FB-9E6C-02E13EACA6AE}.Release|Any CPU.Build.0 = Release|Any CPU
	EndGlobalSection
	GlobalSection(SolutionProperties) = preSolution
		HideSolutionNode = FALSE
	EndGlobalSection
	GlobalSection(ExtensibilityGlobals) = postSolution
		SolutionGuid = {006BD073-4B76-42BD-BDDD-09B3235244E2}
	EndGlobalSection
EndGlobal
